
Microsoft Visual Studio Solution File, Format Version 12.00
# Visual Studio Version 16
VisualStudioVersion = 16.0.31424.327
MinimumVisualStudioVersion = 10.0.40219.1
Project("{FAE04EC0-301F-11D3-BF4B-00C04F79EFBC}") = "MSSqlTableExporter", "MSSqlTableExporter\MSSqlTableExporter.csproj", "{A8250E31-3CEF-4ACB-B70F-A23F0459FF7F}"
EndProject
Global
	GlobalSection(SolutionConfigurationPlatforms) = preSolution
		Debug|Any CPU = Debug|Any CPU
		Release|Any CPU = Release|Any CPU
	EndGlobalSection
	GlobalSection(ProjectConfigurationPlatforms) = postSolution
		{A8250E31-3CEF-4ACB-B70F-A23F0459FF7F}.Debug|Any CPU.ActiveCfg = Debug|Any CPU
		{A8250E31-3CEF-4ACB-B70F-A23F0459FF7F}.Debug|Any CPU.Build.0 = Debug|Any CPU
		{A8250E31-3CEF-4ACB-B70F-A23F0459FF7F}.Release|Any CPU.ActiveCfg = Release|Any CPU
		{A8250E31-3CEF-4ACB-B70F-A23F0459FF7F}.Release|Any CPU.Build.0 = Release|Any CPU
	EndGlobalSection
	GlobalSection(SolutionProperties) = preSolution
		HideSolutionNode = FALSE
	EndGlobalSection
	GlobalSection(ExtensibilityGlobals) = postSolution
		SolutionGuid = {7FEB7078-02E2-4278-AD94-FA504A5E5014}
	EndGlobalSection
EndGlobal
